
Microsoft Visual Studio Solution File, Format Version 12.00
# Visual Studio 15
VisualStudioVersion = 15.0.28010.2036
MinimumVisualStudioVersion = 10.0.40219.1
Project("{9A19103F-16F7-4668-BE54-9A1E7A4F7556}") = "ZHPEvents.Core", "ZHPEvents.Core\ZHPEvents.Core.csproj", "{510848B1-8AF1-4206-BF87-14CCB635D558}"
EndProject
Project("{9A19103F-16F7-4668-BE54-9A1E7A4F7556}") = "ZHPEvents.ViewModels", "ZHPEvents.ViewModels\ZHPEvents.ViewModels.csproj", "{D1D04939-A3B3-43D3-B184-307F00EFE182}"
EndProject
Project("{9A19103F-16F7-4668-BE54-9A1E7A4F7556}") = "ZHPEvents.Services", "ZHPEvents.SErvices\ZHPEvents.Services.csproj", "{C36CB340-473F-4F3B-9FA4-CF71F6A4FB1E}"
EndProject
Project("{9A19103F-16F7-4668-BE54-9A1E7A4F7556}") = "ZHPEvents.Web", "ZHPEvents.Web\ZHPEvents.Web.csproj", "{123606DF-9B35-41D6-B57E-FFCF03031D59}"
EndProject
Global
	GlobalSection(SolutionConfigurationPlatforms) = preSolution
		Debug|Any CPU = Debug|Any CPU
		Release|Any CPU = Release|Any CPU
	EndGlobalSection
	GlobalSection(ProjectConfigurationPlatforms) = postSolution
		{510848B1-8AF1-4206-BF87-14CCB635D558}.Debug|Any CPU.ActiveCfg = Debug|Any CPU
		{510848B1-8AF1-4206-BF87-14CCB635D558}.Debug|Any CPU.Build.0 = Debug|Any CPU
		{510848B1-8AF1-4206-BF87-14CCB635D558}.Release|Any CPU.ActiveCfg = Release|Any CPU
		{510848B1-8AF1-4206-BF87-14CCB635D558}.Release|Any CPU.Build.0 = Release|Any CPU
		{D1D04939-A3B3-43D3-B184-307F00EFE182}.Debug|Any CPU.ActiveCfg = Debug|Any CPU
		{D1D04939-A3B3-43D3-B184-307F00EFE182}.Debug|Any CPU.Build.0 = Debug|Any CPU
		{D1D04939-A3B3-43D3-B184-307F00EFE182}.Release|Any CPU.ActiveCfg = Release|Any CPU
		{D1D04939-A3B3-43D3-B184-307F00EFE182}.Release|Any CPU.Build.0 = Release|Any CPU
		{C36CB340-473F-4F3B-9FA4-CF71F6A4FB1E}.Debug|Any CPU.ActiveCfg = Debug|Any CPU
		{C36CB340-473F-4F3B-9FA4-CF71F6A4FB1E}.Debug|Any CPU.Build.0 = Debug|Any CPU
		{C36CB340-473F-4F3B-9FA4-CF71F6A4FB1E}.Release|Any CPU.ActiveCfg = Release|Any CPU
		{C36CB340-473F-4F3B-9FA4-CF71F6A4FB1E}.Release|Any CPU.Build.0 = Release|Any CPU
		{123606DF-9B35-41D6-B57E-FFCF03031D59}.Debug|Any CPU.ActiveCfg = Debug|Any CPU
		{123606DF-9B35-41D6-B57E-FFCF03031D59}.Debug|Any CPU.Build.0 = Debug|Any CPU
		{123606DF-9B35-41D6-B57E-FFCF03031D59}.Release|Any CPU.ActiveCfg = Release|Any CPU
		{123606DF-9B35-41D6-B57E-FFCF03031D59}.Release|Any CPU.Build.0 = Release|Any CPU
	EndGlobalSection
	GlobalSection(SolutionProperties) = preSolution
		HideSolutionNode = FALSE
	EndGlobalSection
	GlobalSection(ExtensibilityGlobals) = postSolution
		SolutionGuid = {D4D5B550-7718-4F4A-93DE-9BF5F0D56E74}
	EndGlobalSection
EndGlobal
